
Microsoft Visual Studio Solution File, Format Version 12.00
# Visual Studio Version 17
VisualStudioVersion = 17.3.32929.385
MinimumVisualStudioVersion = 10.0.40219.1
Project("{FAE04EC0-301F-11D3-BF4B-00C04F79EFBC}") = "DZ5", "DZ5\DZ5.csproj", "{6DB94799-2C9D-49A1-8956-EAA85E66BFF3}"
EndProject
Global
	GlobalSection(SolutionConfigurationPlatforms) = preSolution
		Debug|Any CPU = Debug|Any CPU
		Release|Any CPU = Release|Any CPU
	EndGlobalSection
	GlobalSection(ProjectConfigurationPlatforms) = postSolution
		{6DB94799-2C9D-49A1-8956-EAA85E66BFF3}.Debug|Any CPU.ActiveCfg = Debug|Any CPU
		{6DB94799-2C9D-49A1-8956-EAA85E66BFF3}.Debug|Any CPU.Build.0 = Debug|Any CPU
		{6DB94799-2C9D-49A1-8956-EAA85E66BFF3}.Release|Any CPU.ActiveCfg = Release|Any CPU
		{6DB94799-2C9D-49A1-8956-EAA85E66BFF3}.Release|Any CPU.Build.0 = Release|Any CPU
	EndGlobalSection
	GlobalSection(SolutionProperties) = preSolution
		HideSolutionNode = FALSE
	EndGlobalSection
	GlobalSection(ExtensibilityGlobals) = postSolution
		SolutionGuid = {31513713-DBFA-45E2-A30A-6F0B33DCF391}
	EndGlobalSection
EndGlobal
